
Microsoft Visual Studio Solution File, Format Version 12.00
# Visual Studio Version 16
VisualStudioVersion = 16.0.32901.82
MinimumVisualStudioVersion = 10.0.40219.1
Project("{FAE04EC0-301F-11D3-BF4B-00C04F79EFBC}") = "PlentysMobileApp", "PlentysMobileApp\PlentysMobileApp.csproj", "{A19C0125-2FF4-4C7D-BAC8-BD06D4524B4D}"
EndProject
Global
	GlobalSection(SolutionConfigurationPlatforms) = preSolution
		Debug|Any CPU = Debug|Any CPU
		Release|Any CPU = Release|Any CPU
	EndGlobalSection
	GlobalSection(ProjectConfigurationPlatforms) = postSolution
		{A19C0125-2FF4-4C7D-BAC8-BD06D4524B4D}.Debug|Any CPU.ActiveCfg = Debug|Any CPU
		{A19C0125-2FF4-4C7D-BAC8-BD06D4524B4D}.Debug|Any CPU.Build.0 = Debug|Any CPU
		{A19C0125-2FF4-4C7D-BAC8-BD06D4524B4D}.Release|Any CPU.ActiveCfg = Release|Any CPU
		{A19C0125-2FF4-4C7D-BAC8-BD06D4524B4D}.Release|Any CPU.Build.0 = Release|Any CPU
	EndGlobalSection
	GlobalSection(SolutionProperties) = preSolution
		HideSolutionNode = FALSE
	EndGlobalSection
	GlobalSection(ExtensibilityGlobals) = postSolution
		SolutionGuid = {143EF5EF-5A48-4783-8B9C-D5A5FA5A9CE8}
	EndGlobalSection
EndGlobal
